dependencies:
- name: common
  repository: https://charts.bitnami.com/bitnami
  version: 2.0.0
- name: harness-common
  repository: https://harness.github.io/helm-common
  version: 1.0.2
digest: sha256:eb802b0f89cba160084c13acb53dcf8c317bf8951ba36efd8de09bcc16fdff7c
generated: "2022-08-23T07:47:11.324764-04:00"
